
Microsoft Visual Studio Solution File, Format Version 12.00
# Visual Studio Version 17
VisualStudioVersion = 17.0.32014.148
MinimumVisualStudioVersion = 10.0.40219.1
Project("{FAE04EC0-301F-11D3-BF4B-00C04F79EFBC}") = "Stenografi", "Stenografi\Stenografi.csproj", "{CFD65CB6-A99A-4E96-BCED-C2E5792096C3}"
EndProject
Global
	GlobalSection(SolutionConfigurationPlatforms) = preSolution
		Debug|Any CPU = Debug|Any CPU
		Release|Any CPU = Release|Any CPU
	EndGlobalSection
	GlobalSection(ProjectConfigurationPlatforms) = postSolution
		{CFD65CB6-A99A-4E96-BCED-C2E5792096C3}.Debug|Any CPU.ActiveCfg = Debug|Any CPU
		{CFD65CB6-A99A-4E96-BCED-C2E5792096C3}.Debug|Any CPU.Build.0 = Debug|Any CPU
		{CFD65CB6-A99A-4E96-BCED-C2E5792096C3}.Release|Any CPU.ActiveCfg = Release|Any CPU
		{CFD65CB6-A99A-4E96-BCED-C2E5792096C3}.Release|Any CPU.Build.0 = Release|Any CPU
	EndGlobalSection
	GlobalSection(SolutionProperties) = preSolution
		HideSolutionNode = FALSE
	EndGlobalSection
	GlobalSection(ExtensibilityGlobals) = postSolution
		SolutionGuid = {A04EE0BC-6A9D-4EF7-BD0E-4BB0B52AD8A5}
	EndGlobalSection
EndGlobal
